hash: c3db64f020788fe96fe5decec04d0a9246c51a2c49b6eabbab7367f6bc2fa1e4
updated: 2017-02-09T21:24:59.397401156+01:00
imports:
- name: github.com/miekg/dns
  version: 4e953232d8083f240dff0ac425afcba18bb5b722
- name: github.com/spf13/pflag
  version: 5ccb023bc27df288a957c5e994cd44fd19619465
- name: k8s.io/client-go
  version: 843f7c4f28b1f647f664f883697107d5c02c5acc
testImports: []
